
Microsoft Visual Studio Solution File, Format Version 12.00
# Visual Studio Version 17
VisualStudioVersion = 17.13.35931.197
MinimumVisualStudioVersion = 10.0.40219.1
Project("{FAE04EC0-301F-11D3-BF4B-00C04F79EFBC}") = "HasteViewCurrentPath", "HasteViewCurrentPath.csproj", "{4D69500D-6787-7A87-BEEA-E58A1F483430}"
EndProject
Global
	GlobalSection(SolutionConfigurationPlatforms) = preSolution
		Debug|Any CPU = Debug|Any CPU
		Release|Any CPU = Release|Any CPU
	EndGlobalSection
	GlobalSection(ProjectConfigurationPlatforms) = postSolution
		{4D69500D-6787-7A87-BEEA-E58A1F483430}.Debug|Any CPU.ActiveCfg = Debug|Any CPU
		{4D69500D-6787-7A87-BEEA-E58A1F483430}.Debug|Any CPU.Build.0 = Debug|Any CPU
		{4D69500D-6787-7A87-BEEA-E58A1F483430}.Release|Any CPU.ActiveCfg = Release|Any CPU
		{4D69500D-6787-7A87-BEEA-E58A1F483430}.Release|Any CPU.Build.0 = Release|Any CPU
	EndGlobalSection
	GlobalSection(SolutionProperties) = preSolution
		HideSolutionNode = FALSE
	EndGlobalSection
	GlobalSection(ExtensibilityGlobals) = postSolution
		SolutionGuid = {E88D8ADC-2A70-4DD8-8F79-DDFCA727DB82}
	EndGlobalSection
EndGlobal
